// !$*UTF8*$!
{
	archiveVersion = 1;
	classes = {
	};
	objectVersion = 50;
	objects = {

/* Begin PBXBuildFile section */
		A01AADBF207EF23D00807C0E /* SWRevealViewController.m in Sources */ = {isa = PBXBuildFile; fileRef = A01AADBD207EF23D00807C0E /* SWRevealViewController.m */; };
		A01AADC52080497300807C0E /* ChatVC.swift in Sources */ = {isa = PBXBuildFile; fileRef = A01AADC42080497300807C0E /* ChatVC.swift */; };
		A01AADC72080498600807C0E /* ChannelVC.swift in Sources */ = {isa = PBXBuildFile; fileRef = A01AADC62080498600807C0E /* ChannelVC.swift */; };
		A0613AC12077A62F00E44BF5 /* AppDelegate.swift in Sources */ = {isa = PBXBuildFile; fileRef = A0613AC02077A62F00E44BF5 /* AppDelegate.swift */; };
		A0613AC62077A62F00E44BF5 /* Main.storyboard in Resources */ = {isa = PBXBuildFile; fileRef = A0613AC42077A62F00E44BF5 /* Main.storyboard */; };
		A0613AC82077A63100E44BF5 /* Assets.xcassets in Resources */ = {isa = PBXBuildFile; fileRef = A0613AC72077A63100E44BF5 /* Assets.xcassets */; };
		A0613ACB2077A63100E44BF5 /* LaunchScreen.storyboard in Resources */ = {isa = PBXBuildFile; fileRef = A0613AC92077A63100E44BF5 /* LaunchScreen.storyboard */; };
		A06B9DD42089889700840781 /* GradientView.swift in Sources */ = {isa = PBXBuildFile; fileRef = A06B9DD32089889700840781 /* GradientView.swift */; };
		A06B9DD7208D5D5700840781 /* Constants.swift in Sources */ = {isa = PBXBuildFile; fileRef = A06B9DD6208D5D5700840781 /* Constants.swift */; };
		A06B9DD9208D658E00840781 /* LoginVC.swift in Sources */ = {isa = PBXBuildFile; fileRef = A06B9DD8208D658E00840781 /* LoginVC.swift */; };
		CC0F22638E25078D68A89345 /* Pods_Smack.framework in Frameworks */ = {isa = PBXBuildFile; fileRef = 71BDFCF58A0A1509B276D462 /* Pods_Smack.framework */; };
/* End PBXBuildFile section */

/* Begin PBXFileReference section */
		71BDFCF58A0A1509B276D462 /* Pods_Smack.framework */ = {isa = PBXFileReference; explicitFileType = wrapper.framework; includeInIndex = 0; path = Pods_Smack.framework; sourceTree = BUILT_PRODUCTS_DIR; };
		7BAB50FE95BB80A40540CCEF /* Pods-Smack.release.xcconfig */ = {isa = PBXFileReference; includeInIndex = 1; lastKnownFileType = text.xcconfig; name = "Pods-Smack.release.xcconfig"; path = "Pods/Target Support Files/Pods-Smack/Pods-Smack.release.xcconfig"; sourceTree = "<group>"; };
		80FA776A2C3AAF83E072AA17 /* Pods-Smack.debug.xcconfig */ = {isa = PBXFileReference; includeInIndex = 1; lastKnownFileType = text.xcconfig; name = "Pods-Smack.debug.xcconfig"; path = "Pods/Target Support Files/Pods-Smack/Pods-Smack.debug.xcconfig"; sourceTree = "<group>"; };
		A01AADBC207EF23C00807C0E /* Smack-Bridging-Header.h */ = {isa = PBXFileReference; lastKnownFileType = sourcecode.c.h; path = "Smack-Bridging-Header.h"; sourceTree = "<group>"; };
		A01AADBD207EF23D00807C0E /* SWRevealViewController.m */ = {isa = PBXFileReference; fileEncoding = 4; lastKnownFileType = sourcecode.c.objc; path = SWRevealViewController.m; sourceTree = "<group>"; };
		A01AADBE207EF23D00807C0E /* SWRevealViewController.h */ = {isa = PBXFileReference; fileEncoding = 4; lastKnownFileType = sourcecode.c.h; path = SWRevealViewController.h; sourceTree = "<group>"; };
		A01AADC42080497300807C0E /* ChatVC.swift */ = {isa = PBXFileReference; lastKnownFileType = sourcecode.swift; path = ChatVC.swift; sourceTree = "<group>"; };
		A01AADC62080498600807C0E /* ChannelVC.swift */ = {isa = PBXFileReference; lastKnownFileType = sourcecode.swift; path = ChannelVC.swift; sourceTree = "<group>"; };
		A0613ABD2077A62F00E44BF5 /* Smack.app */ = {isa = PBXFileReference; explicitFileType = wrapper.application; includeInIndex = 0; path = Smack.app; sourceTree = BUILT_PRODUCTS_DIR; };
		A0613AC02077A62F00E44BF5 /* AppDelegate.swift */ = {isa = PBXFileReference; lastKnownFileType = sourcecode.swift; path = AppDelegate.swift; sourceTree = "<group>"; };
		A0613AC52077A62F00E44BF5 /* Base */ = {isa = PBXFileReference; lastKnownFileType = file.storyboard; name = Base; path = Base.lproj/Main.storyboard; sourceTree = "<group>"; };
		A0613AC72077A63100E44BF5 /* Assets.xcassets */ = {isa = PBXFileReference; lastKnownFileType = folder.assetcatalog; path = Assets.xcassets; sourceTree = "<group>"; };
		A0613ACA2077A63100E44BF5 /* Base */ = {isa = PBXFileReference; lastKnownFileType = file.storyboard; name = Base; path = Base.lproj/LaunchScreen.storyboard; sourceTree = "<group>"; };
		A0613ACC2077A63100E44BF5 /* Info.plist */ = {isa = PBXFileReference; lastKnownFileType = text.plist.xml; path = Info.plist; sourceTree = "<group>"; };
		A06B9DD32089889700840781 /* GradientView.swift */ = {isa = PBXFileReference; lastKnownFileType = sourcecode.swift; path = GradientView.swift; sourceTree = "<group>"; };
		A06B9DD6208D5D5700840781 /* Constants.swift */ = {isa = PBXFileReference; lastKnownFileType = sourcecode.swift; path = Constants.swift; sourceTree = "<group>"; };
		A06B9DD8208D658E00840781 /* LoginVC.swift */ = {isa = PBXFileReference; lastKnownFileType = sourcecode.swift; path = LoginVC.swift; sourceTree = "<group>"; };
/* End PBXFileReference section */

/* Begin PBXFrameworksBuildPhase section */
		A0613ABA2077A62F00E44BF5 /* Frameworks */ = {
			isa = PBXFrameworksBuildPhase;
			buildActionMask = 2147483647;
			files = (
				CC0F22638E25078D68A89345 /* Pods_Smack.framework in Frameworks */,
			);
			runOnlyForDeploymentPostprocessing = 0;
		};
/* End PBXFrameworksBuildPhase section */

/* Begin PBXGroup section */
		37E10D6B00CB91719516AB10 /* Pods */ = {
			isa = PBXGroup;
			children = (
				80FA776A2C3AAF83E072AA17 /* Pods-Smack.debug.xcconfig */,
				7BAB50FE95BB80A40540CCEF /* Pods-Smack.release.xcconfig */,
			);
			name = Pods;
			sourceTree = "<group>";
		};
		A01AADC0207F7BB500807C0E /* Supporting Files */ = {
			isa = PBXGroup;
			children = (
				A01AADBD207EF23D00807C0E /* SWRevealViewController.m */,
				A01AADBE207EF23D00807C0E /* SWRevealViewController.h */,
				A01AADBC207EF23C00807C0E /* Smack-Bridging-Header.h */,
			);
			path = "Supporting Files";
			sourceTree = "<group>";
		};
		A01AADC1207F7D8700807C0E /* Model */ = {
			isa = PBXGroup;
			children = (
			);
			path = Model;
			sourceTree = "<group>";
		};
		A01AADC2207F7D9200807C0E /* View */ = {
			isa = PBXGroup;
			children = (
				A06B9DD32089889700840781 /* GradientView.swift */,
			);
			path = View;
			sourceTree = "<group>";
		};
		A01AADC3207F7D9F00807C0E /* Controller */ = {
			isa = PBXGroup;
			children = (
				A01AADC42080497300807C0E /* ChatVC.swift */,
				A01AADC62080498600807C0E /* ChannelVC.swift */,
				A06B9DD8208D658E00840781 /* LoginVC.swift */,
			);
			path = Controller;
			sourceTree = "<group>";
		};
		A0613AB42077A62F00E44BF5 = {
			isa = PBXGroup;
			children = (
				A0613ABF2077A62F00E44BF5 /* Smack */,
				A0613ABE2077A62F00E44BF5 /* Products */,
				37E10D6B00CB91719516AB10 /* Pods */,
				D72235F1087AEFF8837B0FB8 /* Frameworks */,
			);
			sourceTree = "<group>";
		};
		A0613ABE2077A62F00E44BF5 /* Products */ = {
			isa = PBXGroup;
			children = (
				A0613ABD2077A62F00E44BF5 /* Smack.app */,
			);
			name = Products;
			sourceTree = "<group>";
		};
		A0613ABF2077A62F00E44BF5 /* Smack */ = {
			isa = PBXGroup;
			children = (
				A06B9DD5208D5D4200840781 /* Utilities */,
				A01AADC1207F7D8700807C0E /* Model */,
				A01AADC2207F7D9200807C0E /* View */,
				A01AADC3207F7D9F00807C0E /* Controller */,
				A01AADC0207F7BB500807C0E /* Supporting Files */,
				A0613AC02077A62F00E44BF5 /* AppDelegate.swift */,
				A0613AC42077A62F00E44BF5 /* Main.storyboard */,
				A0613AC72077A63100E44BF5 /* Assets.xcassets */,
				A0613AC92077A63100E44BF5 /* LaunchScreen.storyboard */,
				A0613ACC2077A63100E44BF5 /* Info.plist */,
			);
			path = Smack;
			sourceTree = "<group>";
		};
		A06B9DD5208D5D4200840781 /* Utilities */ = {
			isa = PBXGroup;
			children = (
				A06B9DD6208D5D5700840781 /* Constants.swift */,
			);
			path = Utilities;
			sourceTree = "<group>";
		};
		D72235F1087AEFF8837B0FB8 /* Frameworks */ = {
			isa = PBXGroup;
			children = (
				71BDFCF58A0A1509B276D462 /* Pods_Smack.framework */,
			);
			name = Frameworks;
			sourceTree = "<group>";
		};
/* End PBXGroup section */

/* Begin PBXNativeTarget section */
		A0613ABC2077A62F00E44BF5 /* Smack */ = {
			isa = PBXNativeTarget;
			buildConfigurationList = A0613ACF2077A63100E44BF5 /* Build configuration list for PBXNativeTarget "Smack" */;
			buildPhases = (
				590C08BC771065D61FA186B0 /* [CP] Check Pods Manifest.lock */,
				A0613AB92077A62F00E44BF5 /* Sources */,
				A0613ABA2077A62F00E44BF5 /* Frameworks */,
				A0613ABB2077A62F00E44BF5 /* Resources */,
				3A3CC8BAF5FA378D95D251E0 /* [CP] Embed Pods Frameworks */,
			);
			buildRules = (
			);
			dependencies = (
			);
			name = Smack;
			productName = Smack;
			productReference = A0613ABD2077A62F00E44BF5 /* Smack.app */;
			productType = "com.apple.product-type.application";
		};
/* End PBXNativeTarget section */

/* Begin PBXProject section */
		A0613AB52077A62F00E44BF5 /* Project object */ = {
			isa = PBXProject;
			attributes = {
				LastSwiftUpdateCheck = 0930;
				LastUpgradeCheck = 0930;
				ORGANIZATIONNAME = "Mike Boyle";
				TargetAttributes = {
					A0613ABC2077A62F00E44BF5 = {
						CreatedOnToolsVersion = 9.3;
						LastSwiftMigration = 0930;
					};
				};
			};
			buildConfigurationList = A0613AB82077A62F00E44BF5 /* Build configuration list for PBXProject "Smack" */;
			compatibilityVersion = "Xcode 9.3";
			developmentRegion = en;
			hasScannedForEncodings = 0;
			knownRegions = (
				en,
				Base,
			);
			mainGroup = A0613AB42077A62F00E44BF5;
			productRefGroup = A0613ABE2077A62F00E44BF5 /* Products */;
			projectDirPath = "";
			projectRoot = "";
			targets = (
				A0613ABC2077A62F00E44BF5 /* Smack */,
			);
		};
/* End PBXProject section */

/* Begin PBXResourcesBuildPhase section */
		A0613ABB2077A62F00E44BF5 /* Resources */ = {
			isa = PBXResourcesBuildPhase;
			buildActionMask = 2147483647;
			files = (
				A0613ACB2077A63100E44BF5 /* LaunchScreen.storyboard in Resources */,
				A0613AC82077A63100E44BF5 /* Assets.xcassets in Resources */,
				A0613AC62077A62F00E44BF5 /* Main.storyboard in Resources */,
			);
			runOnlyForDeploymentPostprocessing = 0;
		};
/* End PBXResourcesBuildPhase section */

/* Begin PBXShellScriptBuildPhase section */
		3A3CC8BAF5FA378D95D251E0 /* [CP] Embed Pods Frameworks */ = {
			isa = PBXShellScriptBuildPhase;
			buildActionMask = 2147483647;
			files = (
			);
			inputPaths = (
				"${SRCROOT}/Pods/Target Support Files/Pods-Smack/Pods-Smack-frameworks.sh",
				"${BUILT_PRODUCTS_DIR}/Alamofire/Alamofire.framework",
				"${BUILT_PRODUCTS_DIR}/Socket.IO-Client-Swift/SocketIO.framework",
				"${BUILT_PRODUCTS_DIR}/Starscream/Starscream.framework",
				"${BUILT_PRODUCTS_DIR}/SwiftyJSON/SwiftyJSON.framework",
			);
			name = "[CP] Embed Pods Frameworks";
			outputPaths = (
				"${TARGET_BUILD_DIR}/${FRAMEWORKS_FOLDER_PATH}/Alamofire.framework",
				"${TARGET_BUILD_DIR}/${FRAMEWORKS_FOLDER_PATH}/SocketIO.framework",
				"${TARGET_BUILD_DIR}/${FRAMEWORKS_FOLDER_PATH}/Starscream.framework",
				"${TARGET_BUILD_DIR}/${FRAMEWORKS_FOLDER_PATH}/SwiftyJSON.framework",
			);
			runOnlyForDeploymentPostprocessing = 0;
			shellPath = /bin/sh;
			shellScript = "\"${SRCROOT}/Pods/Target Support Files/Pods-Smack/Pods-Smack-frameworks.sh\"\n";
			showEnvVarsInLog = 0;
		};
		590C08BC771065D61FA186B0 /* [CP] Check Pods Manifest.lock */ = {
			isa = PBXShellScriptBuildPhase;
			buildActionMask = 2147483647;
			files = (
			);
			inputPaths = (
				"${PODS_PODFILE_DIR_PATH}/Podfile.lock",
				"${PODS_ROOT}/Manifest.lock",
			);
			name = "[CP] Check Pods Manifest.lock";
			outputPaths = (
				"$(DERIVED_FILE_DIR)/Pods-Smack-checkManifestLockResult.txt",
			);
			runOnlyForDeploymentPostprocessing = 0;
			shellPath = /bin/sh;
			shellScript = "diff \"${PODS_PODFILE_DIR_PATH}/Podfile.lock\" \"${PODS_ROOT}/Manifest.lock\" > /dev/null\nif [ $? != 0 ] ; then\n    # print error to STDERR\n    echo \"error: The sandbox is not in sync with the Podfile.lock. Run 'pod install' or update your CocoaPods installation.\" >&2\n    exit 1\nfi\n# This output is used by Xcode 'outputs' to avoid re-running this script phase.\necho \"SUCCESS\" > \"${SCRIPT_OUTPUT_FILE_0}\"\n";
			showEnvVarsInLog = 0;
		};
/* End PBXShellScriptBuildPhase section */

/* Begin PBXSourcesBuildPhase section */
		A0613AB92077A62F00E44BF5 /* Sources */ = {
			isa = PBXSourcesBuildPhase;
			buildActionMask = 2147483647;
			files = (
				A01AADC72080498600807C0E /* ChannelVC.swift in Sources */,
				A01AADC52080497300807C0E /* ChatVC.swift in Sources */,
				A06B9DD42089889700840781 /* GradientView.swift in Sources */,
				A0613AC12077A62F00E44BF5 /* AppDelegate.swift in Sources */,
				A01AADBF207EF23D00807C0E /* SWRevealViewController.m in Sources */,
				A06B9DD7208D5D5700840781 /* Constants.swift in Sources */,
				A06B9DD9208D658E00840781 /* LoginVC.swift in Sources */,
			);
			runOnlyForDeploymentPostprocessing = 0;
		};
/* End PBXSourcesBuildPhase section */

/* Begin PBXVariantGroup section */
		A0613AC42077A62F00E44BF5 /* Main.storyboard */ = {
			isa = PBXVariantGroup;
			children = (
				A0613AC52077A62F00E44BF5 /* Base */,
			);
			name = Main.storyboard;
			sourceTree = "<group>";
		};
		A0613AC92077A63100E44BF5 /* LaunchScreen.storyboard */ = {
			isa = PBXVariantGroup;
			children = (
				A0613ACA2077A63100E44BF5 /* Base */,
			);
			name = LaunchScreen.storyboard;
			sourceTree = "<group>";
		};
/* End PBXVariantGroup section */

/* Begin XCBuildConfiguration section */
		A0613ACD2077A63100E44BF5 /* Debug */ = {
			isa = XCBuildConfiguration;
			buildSettings = {
				ALWAYS_SEARCH_USER_PATHS = NO;
				CLANG_ANALYZER_NONNULL = YES;
				CLANG_ANALYZER_NUMBER_OBJECT_CONVERSION = YES_AGGRESSIVE;
				CLANG_CXX_LANGUAGE_STANDARD = "gnu++14";
				CLANG_CXX_LIBRARY = "libc++";
				CLANG_ENABLE_MODULES = YES;
				CLANG_ENABLE_OBJC_ARC = YES;
				CLANG_ENABLE_OBJC_WEAK = YES;
				CLANG_WARN_BLOCK_CAPTURE_AUTORELEASING = YES;
				CLANG_WARN_BOOL_CONVERSION = YES;
				CLANG_WARN_COMMA = YES;
				CLANG_WARN_CONSTANT_CONVERSION = YES;
				CLANG_WARN_DEPRECATED_OBJC_IMPLEMENTATIONS = YES;
				CLANG_WARN_DIRECT_OBJC_ISA_USAGE = YES_ERROR;
				CLANG_WARN_DOCUMENTATION_COMMENTS = YES;
				CLANG_WARN_EMPTY_BODY = YES;
				CLANG_WARN_ENUM_CONVERSION = YES;
				CLANG_WARN_INFINITE_RECURSION = YES;
				CLANG_WARN_INT_CONVERSION = YES;
				CLANG_WARN_NON_LITERAL_NULL_CONVERSION = YES;
				CLANG_WARN_OBJC_IMPLICIT_RETAIN_SELF = YES;
				CLANG_WARN_OBJC_LITERAL_CONVERSION = YES;
				CLANG_WARN_OBJC_ROOT_CLASS = YES_ERROR;
				CLANG_WARN_RANGE_LOOP_ANALYSIS = YES;
				CLANG_WARN_STRICT_PROTOTYPES = YES;
				CLANG_WARN_SUSPICIOUS_MOVE = YES;
				CLANG_WARN_UNGUARDED_AVAILABILITY = YES_AGGRESSIVE;
				CLANG_WARN_UNREACHABLE_CODE = YES;
				CLANG_WARN__DUPLICATE_METHOD_MATCH = YES;
				CODE_SIGN_IDENTITY = "iPhone Developer";
				COPY_PHASE_STRIP = NO;
				DEBUG_INFORMATION_FORMAT = dwarf;
				ENABLE_STRICT_OBJC_MSGSEND = YES;
				ENABLE_TESTABILITY = YES;
				GCC_C_LANGUAGE_STANDARD = gnu11;
				GCC_DYNAMIC_NO_PIC = NO;
				GCC_NO_COMMON_BLOCKS = YES;
				GCC_OPTIMIZATION_LEVEL = 0;
				GCC_PREPROCESSOR_DEFINITIONS = (
					"DEBUG=1",
					"$(inherited)",
				);
				GCC_WARN_64_TO_32_BIT_CONVERSION = YES;
				GCC_WARN_ABOUT_RETURN_TYPE = YES_ERROR;
				GCC_WARN_UNDECLARED_SELECTOR = YES;
				GCC_WARN_UNINITIALIZED_AUTOS = YES_AGGRESSIVE;
				GCC_WARN_UNUSED_FUNCTION = YES;
				GCC_WARN_UNUSED_VARIABLE = YES;
				IPHONEOS_DEPLOYMENT_TARGET = 11.3;
				MTL_ENABLE_DEBUG_INFO = YES;
				ONLY_ACTIVE_ARCH = YES;
				SDKROOT = iphoneos;
				SWIFT_ACTIVE_COMPILATION_CONDITIONS = DEBUG;
				SWIFT_OPTIMIZATION_LEVEL = "-Onone";
			};
			name = Debug;
		};
		A0613ACE2077A63100E44BF5 /* Release */ = {
			isa = XCBuildConfiguration;
			buildSettings = {
				ALWAYS_SEARCH_USER_PATHS = NO;
				CLANG_ANALYZER_NONNULL = YES;
				CLANG_ANALYZER_NUMBER_OBJECT_CONVERSION = YES_AGGRESSIVE;
				CLANG_CXX_LANGUAGE_STANDARD = "gnu++14";
				CLANG_CXX_LIBRARY = "libc++";
				CLANG_ENABLE_MODULES = YES;
				CLANG_ENABLE_OBJC_ARC = YES;
				CLANG_ENABLE_OBJC_WEAK = YES;
				CLANG_WARN_BLOCK_CAPTURE_AUTORELEASING = YES;
				CLANG_WARN_BOOL_CONVERSION = YES;
				CLANG_WARN_COMMA = YES;
				CLANG_WARN_CONSTANT_CONVERSION = YES;
				CLANG_WARN_DEPRECATED_OBJC_IMPLEMENTATIONS = YES;
				CLANG_WARN_DIRECT_OBJC_ISA_USAGE = YES_ERROR;
				CLANG_WARN_DOCUMENTATION_COMMENTS = YES;
				CLANG_WARN_EMPTY_BODY = YES;
				CLANG_WARN_ENUM_CONVERSION = YES;
				CLANG_WARN_INFINITE_RECURSION = YES;
				CLANG_WARN_INT_CONVERSION = YES;
				CLANG_WARN_NON_LITERAL_NULL_CONVERSION = YES;
				CLANG_WARN_OBJC_IMPLICIT_RETAIN_SELF = YES;
				CLANG_WARN_OBJC_LITERAL_CONVERSION = YES;
				CLANG_WARN_OBJC_ROOT_CLASS = YES_ERROR;
				CLANG_WARN_RANGE_LOOP_ANALYSIS = YES;
				CLANG_WARN_STRICT_PROTOTYPES = YES;
				CLANG_WARN_SUSPICIOUS_MOVE = YES;
				CLANG_WARN_UNGUARDED_AVAILABILITY = YES_AGGRESSIVE;
				CLANG_WARN_UNREACHABLE_CODE = YES;
				CLANG_WARN__DUPLICATE_METHOD_MATCH = YES;
				CODE_SIGN_IDENTITY = "iPhone Developer";
				COPY_PHASE_STRIP = NO;
				DEBUG_INFORMATION_FORMAT = "dwarf-with-dsym";
				ENABLE_NS_ASSERTIONS = NO;
				ENABLE_STRICT_OBJC_MSGSEND = YES;
				GCC_C_LANGUAGE_STANDARD = gnu11;
				GCC_NO_COMMON_BLOCKS = YES;
				GCC_WARN_64_TO_32_BIT_CONVERSION = YES;
				GCC_WARN_ABOUT_RETURN_TYPE = YES_ERROR;
				GCC_WARN_UNDECLARED_SELECTOR = YES;
				GCC_WARN_UNINITIALIZED_AUTOS = YES_AGGRESSIVE;
				GCC_WARN_UNUSED_FUNCTION = YES;
				GCC_WARN_UNUSED_VARIABLE = YES;
				IPHONEOS_DEPLOYMENT_TARGET = 11.3;
				MTL_ENABLE_DEBUG_INFO = NO;
				SDKROOT = iphoneos;
				SWIFT_COMPILATION_MODE = wholemodule;
				SWIFT_OPTIMIZATION_LEVEL = "-O";
				VALIDATE_PRODUCT = YES;
			};
			name = Release;
		};
		A0613AD02077A63100E44BF5 /* Debug */ = {
			isa = XCBuildConfiguration;
			baseConfigurationReference = 80FA776A2C3AAF83E072AA17 /* Pods-Smack.debug.xcconfig */;
			buildSettings = {
				ASSETCATALOG_COMPILER_APPICON_NAME = AppIcon;
				CLANG_ENABLE_MODULES = YES;
				CODE_SIGN_STYLE = Automatic;
				DEVELOPMENT_TEAM = 54FY8Y847W;
				INFOPLIST_FILE = Smack/Info.plist;
				LD_RUNPATH_SEARCH_PATHS = (
					"$(inherited)",
					"@executable_path/Frameworks",
				);
				PRODUCT_BUNDLE_IDENTIFIER = com.stonydev.Smack;
				PRODUCT_NAME = "$(TARGET_NAME)";
				SWIFT_OBJC_BRIDGING_HEADER = "Smack/Supporting Files/Smack-Bridging-Header.h";
				SWIFT_OPTIMIZATION_LEVEL = "-Onone";
				SWIFT_VERSION = 4.0;
				TARGETED_DEVICE_FAMILY = "1,2";
			};
			name = Debug;
		};
		A0613AD12077A63100E44BF5 /* Release */ = {
			isa = XCBuildConfiguration;
			baseConfigurationReference = 7BAB50FE95BB80A40540CCEF /* Pods-Smack.release.xcconfig */;
			buildSettings = {
				ASSETCATALOG_COMPILER_APPICON_NAME = AppIcon;
				CLANG_ENABLE_MODULES = YES;
				CODE_SIGN_STYLE = Automatic;
				DEVELOPMENT_TEAM = 54FY8Y847W;
				INFOPLIST_FILE = Smack/Info.plist;
				LD_RUNPATH_SEARCH_PATHS = (
					"$(inherited)",
					"@executable_path/Frameworks",
				);
				PRODUCT_BUNDLE_IDENTIFIER = com.stonydev.Smack;
				PRODUCT_NAME = "$(TARGET_NAME)";
				SWIFT_OBJC_BRIDGING_HEADER = "Smack/Supporting Files/Smack-Bridging-Header.h";
				SWIFT_VERSION = 4.0;
				TARGETED_DEVICE_FAMILY = "1,2";
			};
			name = Release;
		};
/* End XCBuildConfiguration section */

/* Begin XCConfigurationList section */
		A0613AB82077A62F00E44BF5 /* Build configuration list for PBXProject "Smack" */ = {
			isa = XCConfigurationList;
			buildConfigurations = (
				A0613ACD2077A63100E44BF5 /* Debug */,
				A0613ACE2077A63100E44BF5 /* Release */,
			);
			defaultConfigurationIsVisible = 0;
			defaultConfigurationName = Release;
		};
		A0613ACF2077A63100E44BF5 /* Build configuration list for PBXNativeTarget "Smack" */ = {
			isa = XCConfigurationList;
			buildConfigurations = (
				A0613AD02077A63100E44BF5 /* Debug */,
				A0613AD12077A63100E44BF5 /* Release */,
			);
			defaultConfigurationIsVisible = 0;
			defaultConfigurationName = Release;
		};
/* End XCConfigurationList section */
	};
	rootObject = A0613AB52077A62F00E44BF5 /* Project object */;
}
